
Microsoft Visual Studio Solution File, Format Version 12.00
# Visual Studio Version 17
VisualStudioVersion = 17.5.33530.505
MinimumVisualStudioVersion = 10.0.40219.1
Project("{9A19103F-16F7-4668-BE54-9A1E7A4F7556}") = "WebApi", "WebApi\WebApi.csproj", "{AD08FC99-8645-434F-A09C-F4B1FDD5D30F}"
EndProject
Global
	GlobalSection(SolutionConfigurationPlatforms) = preSolution
		Debug|Any CPU = Debug|Any CPU
		Release|Any CPU = Release|Any CPU
	EndGlobalSection
	GlobalSection(ProjectConfigurationPlatforms) = postSolution
		{AD08FC99-8645-434F-A09C-F4B1FDD5D30F}.Debug|Any CPU.ActiveCfg = Debug|Any CPU
		{AD08FC99-8645-434F-A09C-F4B1FDD5D30F}.Debug|Any CPU.Build.0 = Debug|Any CPU
		{AD08FC99-8645-434F-A09C-F4B1FDD5D30F}.Release|Any CPU.ActiveCfg = Release|Any CPU
		{AD08FC99-8645-434F-A09C-F4B1FDD5D30F}.Release|Any CPU.Build.0 = Release|Any CPU
	EndGlobalSection
	GlobalSection(SolutionProperties) = preSolution
		HideSolutionNode = FALSE
	EndGlobalSection
	GlobalSection(ExtensibilityGlobals) = postSolution
		SolutionGuid = {312D32AD-D64D-416C-A551-D5218DD27964}
	EndGlobalSection
EndGlobal
